
Microsoft Visual Studio Solution File, Format Version 12.00
# Visual Studio Version 17
VisualStudioVersion = 17.0.31903.59
MinimumVisualStudioVersion = 10.0.40219.1
Project("{2150E333-8FDC-42A3-9474-1A3956D46DE8}") = "src", "src", "{827E0CD3-B72D-47B6-A68D-7590B98EB39B}"
EndProject
Project("{FAE04EC0-301F-11D3-BF4B-00C04F79EFBC}") = "UnityEngine.Shim", "src\UnityEngine.Shim\UnityEngine.Shim.csproj", "{07746B0F-A129-496D-A4AB-9A0FCED3316C}"
EndProject
Project("{FAE04EC0-301F-11D3-BF4B-00C04F79EFBC}") = "UnityEngine.UI.Shim", "src\UnityEngine.UI.Shim\UnityEngine.UI.Shim.csproj", "{4284C6F8-E8F8-4FB0-B903-789800B86316}"
EndProject
Project("{FAE04EC0-301F-11D3-BF4B-00C04F79EFBC}") = "TMPro.Shim", "src\TMPro.Shim\TMPro.Shim.csproj", "{7DB04CFC-6D04-4EF7-8155-F7A53E9FA6A1}"
EndProject
Project("{FAE04EC0-301F-11D3-BF4B-00C04F79EFBC}") = "U3.Runtime", "src\U3.Runtime\U3.Runtime.csproj", "{BFB0925E-0F8D-4B9F-A926-7E6E60F45EEE}"
EndProject
Project("{FAE04EC0-301F-11D3-BF4B-00C04F79EFBC}") = "U3.GodotBridge", "src\U3.GodotBridge\U3.GodotBridge.csproj", "{EC42C8AE-B8D6-43AD-B8C7-77887E71851C}"
EndProject
Project("{2150E333-8FDC-42A3-9474-1A3956D46DE8}") = "tests", "tests", "{0AB3BF05-4346-4AA6-1389-037BE0695223}"
EndProject
Project("{FAE04EC0-301F-11D3-BF4B-00C04F79EFBC}") = "U3.Port.Tests", "tests\U3.Port.Tests\U3.Port.Tests.csproj", "{EF9EA1BA-539D-4988-B6CB-DE71C50584CB}"
EndProject
Global
	GlobalSection(SolutionConfigurationPlatforms) = preSolution
		Debug|Any CPU = Debug|Any CPU
		Debug|x64 = Debug|x64
		Debug|x86 = Debug|x86
		Release|Any CPU = Release|Any CPU
		Release|x64 = Release|x64
		Release|x86 = Release|x86
	EndGlobalSection
	GlobalSection(ProjectConfigurationPlatforms) = postSolution
		{07746B0F-A129-496D-A4AB-9A0FCED3316C}.Debug|Any CPU.ActiveCfg = Debug|Any CPU
		{07746B0F-A129-496D-A4AB-9A0FCED3316C}.Debug|Any CPU.Build.0 = Debug|Any CPU
		{07746B0F-A129-496D-A4AB-9A0FCED3316C}.Debug|x64.ActiveCfg = Debug|Any CPU
		{07746B0F-A129-496D-A4AB-9A0FCED3316C}.Debug|x64.Build.0 = Debug|Any CPU
		{07746B0F-A129-496D-A4AB-9A0FCED3316C}.Debug|x86.ActiveCfg = Debug|Any CPU
		{07746B0F-A129-496D-A4AB-9A0FCED3316C}.Debug|x86.Build.0 = Debug|Any CPU
		{07746B0F-A129-496D-A4AB-9A0FCED3316C}.Release|Any CPU.ActiveCfg = Release|Any CPU
		{07746B0F-A129-496D-A4AB-9A0FCED3316C}.Release|Any CPU.Build.0 = Release|Any CPU
		{07746B0F-A129-496D-A4AB-9A0FCED3316C}.Release|x64.ActiveCfg = Release|Any CPU
		{07746B0F-A129-496D-A4AB-9A0FCED3316C}.Release|x64.Build.0 = Release|Any CPU
		{07746B0F-A129-496D-A4AB-9A0FCED3316C}.Release|x86.ActiveCfg = Release|Any CPU
		{07746B0F-A129-496D-A4AB-9A0FCED3316C}.Release|x86.Build.0 = Release|Any CPU
		{4284C6F8-E8F8-4FB0-B903-789800B86316}.Debug|Any CPU.ActiveCfg = Debug|Any CPU
		{4284C6F8-E8F8-4FB0-B903-789800B86316}.Debug|Any CPU.Build.0 = Debug|Any CPU
		{4284C6F8-E8F8-4FB0-B903-789800B86316}.Debug|x64.ActiveCfg = Debug|Any CPU
		{4284C6F8-E8F8-4FB0-B903-789800B86316}.Debug|x64.Build.0 = Debug|Any CPU
		{4284C6F8-E8F8-4FB0-B903-789800B86316}.Debug|x86.ActiveCfg = Debug|Any CPU
		{4284C6F8-E8F8-4FB0-B903-789800B86316}.Debug|x86.Build.0 = Debug|Any CPU
		{4284C6F8-E8F8-4FB0-B903-789800B86316}.Release|Any CPU.ActiveCfg = Release|Any CPU
		{4284C6F8-E8F8-4FB0-B903-789800B86316}.Release|Any CPU.Build.0 = Release|Any CPU
		{4284C6F8-E8F8-4FB0-B903-789800B86316}.Release|x64.ActiveCfg = Release|Any CPU
		{4284C6F8-E8F8-4FB0-B903-789800B86316}.Release|x64.Build.0 = Release|Any CPU
		{4284C6F8-E8F8-4FB0-B903-789800B86316}.Release|x86.ActiveCfg = Release|Any CPU
		{4284C6F8-E8F8-4FB0-B903-789800B86316}.Release|x86.Build.0 = Release|Any CPU
		{7DB04CFC-6D04-4EF7-8155-F7A53E9FA6A1}.Debug|Any CPU.ActiveCfg = Debug|Any CPU
		{7DB04CFC-6D04-4EF7-8155-F7A53E9FA6A1}.Debug|Any CPU.Build.0 = Debug|Any CPU
		{7DB04CFC-6D04-4EF7-8155-F7A53E9FA6A1}.Debug|x64.ActiveCfg = Debug|Any CPU
		{7DB04CFC-6D04-4EF7-8155-F7A53E9FA6A1}.Debug|x64.Build.0 = Debug|Any CPU
		{7DB04CFC-6D04-4EF7-8155-F7A53E9FA6A1}.Debug|x86.ActiveCfg = Debug|Any CPU
		{7DB04CFC-6D04-4EF7-8155-F7A53E9FA6A1}.Debug|x86.Build.0 = Debug|Any CPU
		{7DB04CFC-6D04-4EF7-8155-F7A53E9FA6A1}.Release|Any CPU.ActiveCfg = Release|Any CPU
		{7DB04CFC-6D04-4EF7-8155-F7A53E9FA6A1}.Release|Any CPU.Build.0 = Release|Any CPU
		{7DB04CFC-6D04-4EF7-8155-F7A53E9FA6A1}.Release|x64.ActiveCfg = Release|Any CPU
		{7DB04CFC-6D04-4EF7-8155-F7A53E9FA6A1}.Release|x64.Build.0 = Release|Any CPU
		{7DB04CFC-6D04-4EF7-8155-F7A53E9FA6A1}.Release|x86.ActiveCfg = Release|Any CPU
		{7DB04CFC-6D04-4EF7-8155-F7A53E9FA6A1}.Release|x86.Build.0 = Release|Any CPU
		{BFB0925E-0F8D-4B9F-A926-7E6E60F45EEE}.Debug|Any CPU.ActiveCfg = Debug|Any CPU
		{BFB0925E-0F8D-4B9F-A926-7E6E60F45EEE}.Debug|Any CPU.Build.0 = Debug|Any CPU
		{BFB0925E-0F8D-4B9F-A926-7E6E60F45EEE}.Debug|x64.ActiveCfg = Debug|Any CPU
		{BFB0925E-0F8D-4B9F-A926-7E6E60F45EEE}.Debug|x64.Build.0 = Debug|Any CPU
		{BFB0925E-0F8D-4B9F-A926-7E6E60F45EEE}.Debug|x86.ActiveCfg = Debug|Any CPU
		{BFB0925E-0F8D-4B9F-A926-7E6E60F45EEE}.Debug|x86.Build.0 = Debug|Any CPU
		{BFB0925E-0F8D-4B9F-A926-7E6E60F45EEE}.Release|Any CPU.ActiveCfg = Release|Any CPU
		{BFB0925E-0F8D-4B9F-A926-7E6E60F45EEE}.Release|Any CPU.Build.0 = Release|Any CPU
		{BFB0925E-0F8D-4B9F-A926-7E6E60F45EEE}.Release|x64.ActiveCfg = Release|Any CPU
		{BFB0925E-0F8D-4B9F-A926-7E6E60F45EEE}.Release|x64.Build.0 = Release|Any CPU
		{BFB0925E-0F8D-4B9F-A926-7E6E60F45EEE}.Release|x86.ActiveCfg = Release|Any CPU
		{BFB0925E-0F8D-4B9F-A926-7E6E60F45EEE}.Release|x86.Build.0 = Release|Any CPU
		{EC42C8AE-B8D6-43AD-B8C7-77887E71851C}.Debug|Any CPU.ActiveCfg = Debug|Any CPU
		{EC42C8AE-B8D6-43AD-B8C7-77887E71851C}.Debug|Any CPU.Build.0 = Debug|Any CPU
		{EC42C8AE-B8D6-43AD-B8C7-77887E71851C}.Debug|x64.ActiveCfg = Debug|Any CPU
		{EC42C8AE-B8D6-43AD-B8C7-77887E71851C}.Debug|x64.Build.0 = Debug|Any CPU
		{EC42C8AE-B8D6-43AD-B8C7-77887E71851C}.Debug|x86.ActiveCfg = Debug|Any CPU
		{EC42C8AE-B8D6-43AD-B8C7-77887E71851C}.Debug|x86.Build.0 = Debug|Any CPU
		{EC42C8AE-B8D6-43AD-B8C7-77887E71851C}.Release|Any CPU.ActiveCfg = Release|Any CPU
		{EC42C8AE-B8D6-43AD-B8C7-77887E71851C}.Release|Any CPU.Build.0 = Release|Any CPU
		{EC42C8AE-B8D6-43AD-B8C7-77887E71851C}.Release|x64.ActiveCfg = Release|Any CPU
		{EC42C8AE-B8D6-43AD-B8C7-77887E71851C}.Release|x64.Build.0 = Release|Any CPU
		{EC42C8AE-B8D6-43AD-B8C7-77887E71851C}.Release|x86.ActiveCfg = Release|Any CPU
		{EC42C8AE-B8D6-43AD-B8C7-77887E71851C}.Release|x86.Build.0 = Release|Any CPU
		{EF9EA1BA-539D-4988-B6CB-DE71C50584CB}.Debug|Any CPU.ActiveCfg = Debug|Any CPU
		{EF9EA1BA-539D-4988-B6CB-DE71C50584CB}.Debug|Any CPU.Build.0 = Debug|Any CPU
		{EF9EA1BA-539D-4988-B6CB-DE71C50584CB}.Debug|x64.ActiveCfg = Debug|Any CPU
		{EF9EA1BA-539D-4988-B6CB-DE71C50584CB}.Debug|x64.Build.0 = Debug|Any CPU
		{EF9EA1BA-539D-4988-B6CB-DE71C50584CB}.Debug|x86.ActiveCfg = Debug|Any CPU
		{EF9EA1BA-539D-4988-B6CB-DE71C50584CB}.Debug|x86.Build.0 = Debug|Any CPU
		{EF9EA1BA-539D-4988-B6CB-DE71C50584CB}.Release|Any CPU.ActiveCfg = Release|Any CPU
		{EF9EA1BA-539D-4988-B6CB-DE71C50584CB}.Release|Any CPU.Build.0 = Release|Any CPU
		{EF9EA1BA-539D-4988-B6CB-DE71C50584CB}.Release|x64.ActiveCfg = Release|Any CPU
		{EF9EA1BA-539D-4988-B6CB-DE71C50584CB}.Release|x64.Build.0 = Release|Any CPU
		{EF9EA1BA-539D-4988-B6CB-DE71C50584CB}.Release|x86.ActiveCfg = Release|Any CPU
		{EF9EA1BA-539D-4988-B6CB-DE71C50584CB}.Release|x86.Build.0 = Release|Any CPU
	EndGlobalSection
	GlobalSection(SolutionProperties) = preSolution
		HideSolutionNode = FALSE
	EndGlobalSection
	GlobalSection(NestedProjects) = preSolution
		{07746B0F-A129-496D-A4AB-9A0FCED3316C} = {827E0CD3-B72D-47B6-A68D-7590B98EB39B}
		{4284C6F8-E8F8-4FB0-B903-789800B86316} = {827E0CD3-B72D-47B6-A68D-7590B98EB39B}
		{7DB04CFC-6D04-4EF7-8155-F7A53E9FA6A1} = {827E0CD3-B72D-47B6-A68D-7590B98EB39B}
		{BFB0925E-0F8D-4B9F-A926-7E6E60F45EEE} = {827E0CD3-B72D-47B6-A68D-7590B98EB39B}
		{EC42C8AE-B8D6-43AD-B8C7-77887E71851C} = {827E0CD3-B72D-47B6-A68D-7590B98EB39B}
		{EF9EA1BA-539D-4988-B6CB-DE71C50584CB} = {0AB3BF05-4346-4AA6-1389-037BE0695223}
	EndGlobalSection
EndGlobal
